
Microsoft Visual Studio Solution File, Format Version 12.00
# Visual Studio Version 17
VisualStudioVersion = 17.0.31903.59
MinimumVisualStudioVersion = 10.0.40219.1
Project("{2150E333-8FDC-42A3-9474-1A3956D46DE8}") = "src", "src", "{827E0CD3-B72D-47B6-A68D-7590B98EB39B}"
EndProject
Project("{FAE04EC0-301F-11D3-BF4B-00C04F79EFBC}") = "DbDiff.Domain", "src\DbDiff.Domain\DbDiff.Domain.csproj", "{F574AB66-6972-495A-BE0A-EF127D2366E2}"
EndProject
Project("{FAE04EC0-301F-11D3-BF4B-00C04F79EFBC}") = "DbDiff.Application", "src\DbDiff.Application\DbDiff.Application.csproj", "{103E77A8-D392-4D12-AE7E-8A196EA33B7A}"
EndProject
Project("{FAE04EC0-301F-11D3-BF4B-00C04F79EFBC}") = "DbDiff.Infrastructure", "src\DbDiff.Infrastructure\DbDiff.Infrastructure.csproj", "{068DA19F-9855-4E5C-A85F-4A89BCA8ABD1}"
EndProject
Project("{FAE04EC0-301F-11D3-BF4B-00C04F79EFBC}") = "DbDiff.Cli", "src\DbDiff.Cli\DbDiff.Cli.csproj", "{7FBA9EA2-66F4-4DE8-8E1B-CEB5F2D36AAB}"
EndProject
Project("{FAE04EC0-301F-11D3-BF4B-00C04F79EFBC}") = "DbDiff.Application.Tests", "src\DbDiff.Application.Tests\DbDiff.Application.Tests.csproj", "{37500B4D-9FEC-4262-A6EE-5E0D151FCB60}"
EndProject
Global
	GlobalSection(SolutionConfigurationPlatforms) = preSolution
		Debug|Any CPU = Debug|Any CPU
		Debug|x64 = Debug|x64
		Debug|x86 = Debug|x86
		Release|Any CPU = Release|Any CPU
		Release|x64 = Release|x64
		Release|x86 = Release|x86
	EndGlobalSection
	GlobalSection(ProjectConfigurationPlatforms) = postSolution
		{F574AB66-6972-495A-BE0A-EF127D2366E2}.Debug|Any CPU.ActiveCfg = Debug|Any CPU
		{F574AB66-6972-495A-BE0A-EF127D2366E2}.Debug|Any CPU.Build.0 = Debug|Any CPU
		{F574AB66-6972-495A-BE0A-EF127D2366E2}.Debug|x64.ActiveCfg = Debug|Any CPU
		{F574AB66-6972-495A-BE0A-EF127D2366E2}.Debug|x64.Build.0 = Debug|Any CPU
		{F574AB66-6972-495A-BE0A-EF127D2366E2}.Debug|x86.ActiveCfg = Debug|Any CPU
		{F574AB66-6972-495A-BE0A-EF127D2366E2}.Debug|x86.Build.0 = Debug|Any CPU
		{F574AB66-6972-495A-BE0A-EF127D2366E2}.Release|Any CPU.ActiveCfg = Release|Any CPU
		{F574AB66-6972-495A-BE0A-EF127D2366E2}.Release|Any CPU.Build.0 = Release|Any CPU
		{F574AB66-6972-495A-BE0A-EF127D2366E2}.Release|x64.ActiveCfg = Release|Any CPU
		{F574AB66-6972-495A-BE0A-EF127D2366E2}.Release|x64.Build.0 = Release|Any CPU
		{F574AB66-6972-495A-BE0A-EF127D2366E2}.Release|x86.ActiveCfg = Release|Any CPU
		{F574AB66-6972-495A-BE0A-EF127D2366E2}.Release|x86.Build.0 = Release|Any CPU
		{103E77A8-D392-4D12-AE7E-8A196EA33B7A}.Debug|Any CPU.ActiveCfg = Debug|Any CPU
		{103E77A8-D392-4D12-AE7E-8A196EA33B7A}.Debug|Any CPU.Build.0 = Debug|Any CPU
		{103E77A8-D392-4D12-AE7E-8A196EA33B7A}.Debug|x64.ActiveCfg = Debug|Any CPU
		{103E77A8-D392-4D12-AE7E-8A196EA33B7A}.Debug|x64.Build.0 = Debug|Any CPU
		{103E77A8-D392-4D12-AE7E-8A196EA33B7A}.Debug|x86.ActiveCfg = Debug|Any CPU
		{103E77A8-D392-4D12-AE7E-8A196EA33B7A}.Debug|x86.Build.0 = Debug|Any CPU
		{103E77A8-D392-4D12-AE7E-8A196EA33B7A}.Release|Any CPU.ActiveCfg = Release|Any CPU
		{103E77A8-D392-4D12-AE7E-8A196EA33B7A}.Release|Any CPU.Build.0 = Release|Any CPU
		{103E77A8-D392-4D12-AE7E-8A196EA33B7A}.Release|x64.ActiveCfg = Release|Any CPU
		{103E77A8-D392-4D12-AE7E-8A196EA33B7A}.Release|x64.Build.0 = Release|Any CPU
		{103E77A8-D392-4D12-AE7E-8A196EA33B7A}.Release|x86.ActiveCfg = Release|Any CPU
		{103E77A8-D392-4D12-AE7E-8A196EA33B7A}.Release|x86.Build.0 = Release|Any CPU
		{068DA19F-9855-4E5C-A85F-4A89BCA8ABD1}.Debug|Any CPU.ActiveCfg = Debug|Any CPU
		{068DA19F-9855-4E5C-A85F-4A89BCA8ABD1}.Debug|Any CPU.Build.0 = Debug|Any CPU
		{068DA19F-9855-4E5C-A85F-4A89BCA8ABD1}.Debug|x64.ActiveCfg = Debug|Any CPU
		{068DA19F-9855-4E5C-A85F-4A89BCA8ABD1}.Debug|x64.Build.0 = Debug|Any CPU
		{068DA19F-9855-4E5C-A85F-4A89BCA8ABD1}.Debug|x86.ActiveCfg = Debug|Any CPU
		{068DA19F-9855-4E5C-A85F-4A89BCA8ABD1}.Debug|x86.Build.0 = Debug|Any CPU
		{068DA19F-9855-4E5C-A85F-4A89BCA8ABD1}.Release|Any CPU.ActiveCfg = Release|Any CPU
		{068DA19F-9855-4E5C-A85F-4A89BCA8ABD1}.Release|Any CPU.Build.0 = Release|Any CPU
		{068DA19F-9855-4E5C-A85F-4A89BCA8ABD1}.Release|x64.ActiveCfg = Release|Any CPU
		{068DA19F-9855-4E5C-A85F-4A89BCA8ABD1}.Release|x64.Build.0 = Release|Any CPU
		{068DA19F-9855-4E5C-A85F-4A89BCA8ABD1}.Release|x86.ActiveCfg = Release|Any CPU
		{068DA19F-9855-4E5C-A85F-4A89BCA8ABD1}.Release|x86.Build.0 = Release|Any CPU
		{7FBA9EA2-66F4-4DE8-8E1B-CEB5F2D36AAB}.Debug|Any CPU.ActiveCfg = Debug|Any CPU
		{7FBA9EA2-66F4-4DE8-8E1B-CEB5F2D36AAB}.Debug|Any CPU.Build.0 = Debug|Any CPU
		{7FBA9EA2-66F4-4DE8-8E1B-CEB5F2D36AAB}.Debug|x64.ActiveCfg = Debug|Any CPU
		{7FBA9EA2-66F4-4DE8-8E1B-CEB5F2D36AAB}.Debug|x64.Build.0 = Debug|Any CPU
		{7FBA9EA2-66F4-4DE8-8E1B-CEB5F2D36AAB}.Debug|x86.ActiveCfg = Debug|Any CPU
		{7FBA9EA2-66F4-4DE8-8E1B-CEB5F2D36AAB}.Debug|x86.Build.0 = Debug|Any CPU
		{7FBA9EA2-66F4-4DE8-8E1B-CEB5F2D36AAB}.Release|Any CPU.ActiveCfg = Release|Any CPU
		{7FBA9EA2-66F4-4DE8-8E1B-CEB5F2D36AAB}.Release|Any CPU.Build.0 = Release|Any CPU
		{7FBA9EA2-66F4-4DE8-8E1B-CEB5F2D36AAB}.Release|x64.ActiveCfg = Release|Any CPU
		{7FBA9EA2-66F4-4DE8-8E1B-CEB5F2D36AAB}.Release|x64.Build.0 = Release|Any CPU
		{7FBA9EA2-66F4-4DE8-8E1B-CEB5F2D36AAB}.Release|x86.ActiveCfg = Release|Any CPU
		{7FBA9EA2-66F4-4DE8-8E1B-CEB5F2D36AAB}.Release|x86.Build.0 = Release|Any CPU
		{37500B4D-9FEC-4262-A6EE-5E0D151FCB60}.Debug|Any CPU.ActiveCfg = Debug|Any CPU
		{37500B4D-9FEC-4262-A6EE-5E0D151FCB60}.Debug|Any CPU.Build.0 = Debug|Any CPU
		{37500B4D-9FEC-4262-A6EE-5E0D151FCB60}.Debug|x64.ActiveCfg = Debug|Any CPU
		{37500B4D-9FEC-4262-A6EE-5E0D151FCB60}.Debug|x64.Build.0 = Debug|Any CPU
		{37500B4D-9FEC-4262-A6EE-5E0D151FCB60}.Debug|x86.ActiveCfg = Debug|Any CPU
		{37500B4D-9FEC-4262-A6EE-5E0D151FCB60}.Debug|x86.Build.0 = Debug|Any CPU
		{37500B4D-9FEC-4262-A6EE-5E0D151FCB60}.Release|Any CPU.ActiveCfg = Release|Any CPU
		{37500B4D-9FEC-4262-A6EE-5E0D151FCB60}.Release|Any CPU.Build.0 = Release|Any CPU
		{37500B4D-9FEC-4262-A6EE-5E0D151FCB60}.Release|x64.ActiveCfg = Release|Any CPU
		{37500B4D-9FEC-4262-A6EE-5E0D151FCB60}.Release|x64.Build.0 = Release|Any CPU
		{37500B4D-9FEC-4262-A6EE-5E0D151FCB60}.Release|x86.ActiveCfg = Release|Any CPU
		{37500B4D-9FEC-4262-A6EE-5E0D151FCB60}.Release|x86.Build.0 = Release|Any CPU
	EndGlobalSection
	GlobalSection(SolutionProperties) = preSolution
		HideSolutionNode = FALSE
	EndGlobalSection
	GlobalSection(NestedProjects) = preSolution
		{F574AB66-6972-495A-BE0A-EF127D2366E2} = {827E0CD3-B72D-47B6-A68D-7590B98EB39B}
		{103E77A8-D392-4D12-AE7E-8A196EA33B7A} = {827E0CD3-B72D-47B6-A68D-7590B98EB39B}
		{068DA19F-9855-4E5C-A85F-4A89BCA8ABD1} = {827E0CD3-B72D-47B6-A68D-7590B98EB39B}
		{7FBA9EA2-66F4-4DE8-8E1B-CEB5F2D36AAB} = {827E0CD3-B72D-47B6-A68D-7590B98EB39B}
		{37500B4D-9FEC-4262-A6EE-5E0D151FCB60} = {827E0CD3-B72D-47B6-A68D-7590B98EB39B}
	EndGlobalSection
EndGlobal
